
Microsoft Visual Studio Solution File, Format Version 12.00
# Visual Studio Version 17
VisualStudioVersion = 17.7.34031.279
MinimumVisualStudioVersion = 10.0.40219.1
Project("{FAE04EC0-301F-11D3-BF4B-00C04F79EFBC}") = "bezier kurver", "bezier kurver\bezier kurver.csproj", "{B3FA718E-754E-410C-9388-87F4211E0169}"
EndProject
Global
	GlobalSection(SolutionConfigurationPlatforms) = preSolution
		Debug|Any CPU = Debug|Any CPU
		Release|Any CPU = Release|Any CPU
	EndGlobalSection
	GlobalSection(ProjectConfigurationPlatforms) = postSolution
		{B3FA718E-754E-410C-9388-87F4211E0169}.Debug|Any CPU.ActiveCfg = Debug|Any CPU
		{B3FA718E-754E-410C-9388-87F4211E0169}.Debug|Any CPU.Build.0 = Debug|Any CPU
		{B3FA718E-754E-410C-9388-87F4211E0169}.Release|Any CPU.ActiveCfg = Release|Any CPU
		{B3FA718E-754E-410C-9388-87F4211E0169}.Release|Any CPU.Build.0 = Release|Any CPU
	EndGlobalSection
	GlobalSection(SolutionProperties) = preSolution
		HideSolutionNode = FALSE
	EndGlobalSection
	GlobalSection(ExtensibilityGlobals) = postSolution
		SolutionGuid = {12289752-3D60-41F4-A42B-03637080CEE6}
	EndGlobalSection
EndGlobal
